{
  "name": "ts-timeout-promise",
  "version": "1.2.5",
  "lockfileVersion": 1,
  "requires": true,
  "dependencies": {
    "@types/jest": {
      "version": "19.2.4",
      "resolved": "https://registry.npmjs.org/@types/jest/-/jest-19.2.4.tgz",
      "integrity": "sha512-w9nmNHHkl9lNeOorjz1a7BLUd6zTa3pakNx2qkKCVtYS44L7taPcJB8l1kQWVOIa7kN08qwlyS11A1nz2yUvWQ==",
      "dev": true
    },
    "@types/lodash": {
      "version": "4.14.66",
      "resolved": "https://registry.npmjs.org/@types/lodash/-/lodash-4.14.66.tgz",
      "integrity": "sha512-LpGSiIy5/utq8AT2bSXGnENnS1kCZJ1m84L1yqKst2UehSZe6VWROmiysYg/lLJR6zu2ooeVoQtkUHToA+mEtQ==",
      "dev": true
    },
    "@types/node": {
      "version": "7.0.32",
      "resolved": "https://registry.npmjs.org/@types/node/-/node-7.0.32.tgz",
      "integrity": "sha512-7+0Ai8r8Xt6NNVM0Eo+XSqiZsBUYXg2yrCwyBhQzSfFHTGQWzFv/pk9106vPR8HWjKmGK+zzUj244POs4xfO2g==",
      "dev": true
    },
    "colors": {
      "version": "1.1.2",
      "resolved": "https://registry.npmjs.org/colors/-/colors-1.1.2.tgz",
      "integrity": "sha1-FopHAXVran9RoSzgyXv6KMCE7WM=",
      "dev": true
    },
    "commitizen": {
      "version": "2.9.6",
      "resolved": "https://registry.npmjs.org/commitizen/-/commitizen-2.9.6.tgz",
      "integrity": "sha1-wNAFNe8mTaf2Nzft/aQiiYP6IpE=",
      "dev": true,
      "dependencies": {
        "cz-conventional-changelog": {
          "version": "1.2.0",
          "resolved": "https://registry.npmjs.org/cz-conventional-changelog/-/cz-conventional-changelog-1.2.0.tgz",
          "integrity": "sha1-K8oElkyJGbI/P9aonvXmAIsxs/g="
        },
        "lodash": {
          "version": "4.17.2",
          "resolved": "https://registry.npmjs.org/lodash/-/lodash-4.17.2.tgz",
          "integrity": "sha1-NKMFW6vgTOQkZ7YH1wAHLH/2v0I="
        }
      }
    },
    "coveralls": {
      "version": "2.13.1",
      "resolved": "https://registry.npmjs.org/coveralls/-/coveralls-2.13.1.tgz",
      "integrity": "sha1-1wu5rMGDXsTwY/+drFQjwXsR8Xg=",
      "dev": true
    },
    "cross-env": {
      "version": "5.0.1",
      "resolved": "https://registry.npmjs.org/cross-env/-/cross-env-5.0.1.tgz",
      "integrity": "sha1-/05y6kO0faJIa0On8gQ7JgnkSRM=",
      "dev": true,
      "dependencies": {
        "is-windows": {
          "version": "1.0.1",
          "resolved": "https://registry.npmjs.org/is-windows/-/is-windows-1.0.1.tgz",
          "integrity": "sha1-MQ23D3QtJZoWo2kgK1GvhCMzENk="
        }
      }
    },
    "cz-conventional-changelog": {
      "version": "2.0.0",
      "resolved": "https://registry.npmjs.org/cz-conventional-changelog/-/cz-conventional-changelog-2.0.0.tgz",
      "integrity": "sha1-Val5r9/pXnAkh50qD1kkYwFwtTM=",
      "dev": true
    },
    "husky": {
      "version": "0.13.4",
      "resolved": "https://registry.npmjs.org/husky/-/husky-0.13.4.tgz",
      "integrity": "sha1-SHhcUCjeNFKlHEjBLE+UshJKFAc=",
      "dev": true,
      "dependencies": {
        "normalize-path": {
          "version": "1.0.0",
          "resolved": "https://registry.npmjs.org/normalize-path/-/normalize-path-1.0.0.tgz",
          "integrity": "sha1-MtDkcvkf80VwHBWoMRAY07CpA3k="
        }
      }
    },
    "jest": {
      "version": "20.0.4",
      "resolved": "https://registry.npmjs.org/jest/-/jest-20.0.4.tgz",
      "integrity": "sha1-PdJgwpidba1nix6cxNkZRPbWAqw=",
      "dev": true
    },
    "jest-cli": {
      "version": "20.0.4",
      "resolved": "https://registry.npmjs.org/jest-cli/-/jest-cli-20.0.4.tgz",
      "integrity": "sha1-5TKxnYiuW8bEF+iwWTpv6VSx3JM=",
      "dev": true
    },
    "lint-staged": {
      "version": "3.6.1",
      "resolved": "https://registry.npmjs.org/lint-staged/-/lint-staged-3.6.1.tgz",
      "integrity": "sha1-JEI8i3vZnZbhWs0ayMs5KnjlhYI=",
      "dev": true
    },
    "lodash": {
      "version": "4.17.4",
      "resolved": "https://registry.npmjs.org/lodash/-/lodash-4.17.4.tgz",
      "integrity": "sha1-eCA6TRwyiuHYbcpkYONptX9AVa4=",
      "dev": true
    },
    "prettier": {
      "version": "1.4.4",
      "resolved": "https://registry.npmjs.org/prettier/-/prettier-1.4.4.tgz",
      "integrity": "sha512-GuuPazIvjW1DG26yLQgO+nagmRF/h9M4RaCtZWqu/eFW7csdZkQEwPJUeXX10d+LzmCnR9DuIZndqIOn3p2YoA==",
      "dev": true
    },
    "prompt": {
      "version": "1.0.0",
      "resolved": "https://registry.npmjs.org/prompt/-/prompt-1.0.0.tgz",
      "integrity": "sha1-jlcSPDlquYiJf7Mn/Trtw+c15P4=",
      "dev": true
    },
    "replace-in-file": {
      "version": "2.5.0",
      "resolved": "https://registry.npmjs.org/replace-in-file/-/replace-in-file-2.5.0.tgz",
      "integrity": "sha1-H2OIIlyKy02yiKgYk2XiZvmCTaQ=",
      "dev": true
    },
    "rimraf": {
      "version": "2.6.1",
      "resolved": "https://registry.npmjs.org/rimraf/-/rimraf-2.6.1.tgz",
      "integrity": "sha1-wjOOxkPfeht/5cVPqG9XQopV8z0=",
      "dev": true
    },
    "rollup": {
      "version": "0.42.0",
      "resolved": "https://registry.npmjs.org/rollup/-/rollup-0.42.0.tgz",
      "integrity": "sha1-VueRs6Lz3XGQu7gKN1Z18v4PmyM=",
      "dev": true
    },
    "rollup-plugin-commonjs": {
      "version": "8.0.2",
      "resolved": "https://registry.npmjs.org/rollup-plugin-commonjs/-/rollup-plugin-commonjs-8.0.2.tgz",
      "integrity": "sha1-mLFYm/4ypsD2d5C2DAtJmXKv7Yk=",
      "dev": true
    },
    "rollup-plugin-json": {
      "version": "2.3.0",
      "resolved": "https://registry.npmjs.org/rollup-plugin-json/-/rollup-plugin-json-2.3.0.tgz",
      "integrity": "sha512-W45nZH7lmXgkSR/DkeyF4ks0YWFrMysdjUT049gTuAg+lwUEDBKI2+PztqW8UDSMlXCAeEONsLzpDDyBy9m+9A==",
      "dev": true
    },
    "rollup-plugin-node-builtins": {
      "version": "2.1.2",
      "resolved": "https://registry.npmjs.org/rollup-plugin-node-builtins/-/rollup-plugin-node-builtins-2.1.2.tgz",
      "integrity": "sha1-JKH+1KQyV7a2Q3HYq8bOGrFFl+k=",
      "dev": true
    },
    "rollup-plugin-node-globals": {
      "version": "1.1.0",
      "resolved": "https://registry.npmjs.org/rollup-plugin-node-globals/-/rollup-plugin-node-globals-1.1.0.tgz",
      "integrity": "sha1-fv2NYR0TJzeCnoBOn1H1CWKvRR8=",
      "dev": true,
      "dependencies": {
        "estree-walker": {
          "version": "0.2.1",
          "resolved": "https://registry.npmjs.org/estree-walker/-/estree-walker-0.2.1.tgz",
          "integrity": "sha1-va/oCVOD2EFNXcLs9MkXO225QS4="
        },
        "magic-string": {
          "version": "0.16.0",
          "resolved": "https://registry.npmjs.org/magic-string/-/magic-string-0.16.0.tgz",
          "integrity": "sha1-lw67DacZMwEoX7GqZQ85vdgetFo="
        },
        "rollup-pluginutils": {
          "version": "1.5.2",
          "resolved": "https://registry.npmjs.org/rollup-pluginutils/-/rollup-pluginutils-1.5.2.tgz",
          "integrity": "sha1-HhVud4+UtyVb+hs9AXi+j1xVJAg="
        }
      }
    },
    "rollup-plugin-node-resolve": {
      "version": "3.0.0",
      "resolved": "https://registry.npmjs.org/rollup-plugin-node-resolve/-/rollup-plugin-node-resolve-3.0.0.tgz",
      "integrity": "sha1-i4l8TDAw1QASd7BRSyXSygloPuA=",
      "dev": true
    },
    "semantic-release": {
      "version": "6.3.6",
      "resolved": "https://registry.npmjs.org/semantic-release/-/semantic-release-6.3.6.tgz",
      "integrity": "sha1-Yp0K7JCziilXpXpKnuEhSvUZKMc=",
      "dev": true
    },
    "ts-jest": {
      "version": "20.0.6",
      "resolved": "https://registry.npmjs.org/ts-jest/-/ts-jest-20.0.6.tgz",
      "integrity": "sha1-OcKBDAXW9pCNrBWSna4ga0lLc/Q=",
      "dev": true,
      "dependencies": {
        "camelcase": {
          "version": "4.1.0",
          "resolved": "https://registry.npmjs.org/camelcase/-/camelcase-4.1.0.tgz",
          "integrity": "sha1-1UVjW+HjPFQmScaRc+Xeas+uNN0="
        },
        "cliui": {
          "version": "3.2.0",
          "resolved": "https://registry.npmjs.org/cliui/-/cliui-3.2.0.tgz",
          "integrity": "sha1-EgYBU3qRbSmUD5NNo7SNWFo5IT0=",
          "dependencies": {
            "string-width": {
              "version": "1.0.2",
              "resolved": "https://registry.npmjs.org/string-width/-/string-width-1.0.2.tgz",
              "integrity": "sha1-EYvfW4zcUaKn5w0hHgfisLmxB9M="
            }
          }
        },
        "cross-spawn": {
          "version": "4.0.2",
          "resolved": "https://registry.npmjs.org/cross-spawn/-/cross-spawn-4.0.2.tgz",
          "integrity": "sha1-e5JHYhwjrf3ThWAEqCPL45dCTUE="
        },
        "execa": {
          "version": "0.5.1",
          "resolved": "https://registry.npmjs.org/execa/-/execa-0.5.1.tgz",
          "integrity": "sha1-3j+4XLjW6RyFvLzrFkWBeFy1ezY="
        },
        "fs-extra": {
          "version": "3.0.1",
          "resolved": "https://registry.npmjs.org/fs-extra/-/fs-extra-3.0.1.tgz",
          "integrity": "sha1-N5TzeMWLNC6n27sjCVEJxLO2IpE="
        },
        "get-stream": {
          "version": "2.3.1",
          "resolved": "https://registry.npmjs.org/get-stream/-/get-stream-2.3.1.tgz",
          "integrity": "sha1-Xzj5PzRgCWZu4BUKBUFn+Rvdld4="
        },
        "jsonfile": {
          "version": "3.0.0",
          "resolved": "https://registry.npmjs.org/jsonfile/-/jsonfile-3.0.0.tgz",
          "integrity": "sha1-kufHRE5f/V+jLmqa6LhQNN+DR9A="
        },
        "load-json-file": {
          "version": "2.0.0",
          "resolved": "https://registry.npmjs.org/load-json-file/-/load-json-file-2.0.0.tgz",
          "integrity": "sha1-eUfkIUmvgNaWy/eXvKq8/h/inKg="
        },
        "os-locale": {
          "version": "2.0.0",
          "resolved": "https://registry.npmjs.org/os-locale/-/os-locale-2.0.0.tgz",
          "integrity": "sha1-FZGN7VEFIrge565aMJ1U9jn8OaQ="
        },
        "path-type": {
          "version": "2.0.0",
          "resolved": "https://registry.npmjs.org/path-type/-/path-type-2.0.0.tgz",
          "integrity": "sha1-8BLMuEFbcJb8LaoQVMPXI4lZTHM="
        },
        "read-pkg": {
          "version": "2.0.0",
          "resolved": "https://registry.npmjs.org/read-pkg/-/read-pkg-2.0.0.tgz",
          "integrity": "sha1-jvHAYjxqbbDcZxPEv6xGMysjaPg="
        },
        "read-pkg-up": {
          "version": "2.0.0",
          "resolved": "https://registry.npmjs.org/read-pkg-up/-/read-pkg-up-2.0.0.tgz",
          "integrity": "sha1-a3KoBImE4MQeeVEP1en6mbO1Sb4="
        },
        "string-width": {
          "version": "2.0.0",
          "resolved": "https://registry.npmjs.org/string-width/-/string-width-2.0.0.tgz",
          "integrity": "sha1-Y1xUNsxypuDDh87KJ41OLuxSaH4=",
          "dependencies": {
            "is-fullwidth-code-point": {
              "version": "2.0.0",
              "resolved": "https://registry.npmjs.org/is-fullwidth-code-point/-/is-fullwidth-code-point-2.0.0.tgz",
              "integrity": "sha1-o7MKXE8ZkYMWeqq5O+764937ZU8="
            }
          }
        },
        "strip-bom": {
          "version": "3.0.0",
          "resolved": "https://registry.npmjs.org/strip-bom/-/strip-bom-3.0.0.tgz",
          "integrity": "sha1-IzTBjpx1n3vdVv3vfprj1YjmjtM="
        },
        "which-module": {
          "version": "2.0.0",
          "resolved": "https://registry.npmjs.org/which-module/-/which-module-2.0.0.tgz",
          "integrity": "sha1-2e8H3Od7mQK4o6j6SzHD4/fm6Ho="
        },
        "yargs": {
          "version": "8.0.2",
          "resolved": "https://registry.npmjs.org/yargs/-/yargs-8.0.2.tgz",
          "integrity": "sha1-YpmpBVsc78lp/355wdkY3Osiw2A="
        },
        "yargs-parser": {
          "version": "7.0.0",
          "resolved": "https://registry.npmjs.org/yargs-parser/-/yargs-parser-7.0.0.tgz",
          "integrity": "sha1-jQrELxbqVd69MyyvTEA4s+P139k="
        }
      }
    },
    "ts-node": {
      "version": "3.0.6",
      "resolved": "https://registry.npmjs.org/ts-node/-/ts-node-3.0.6.tgz",
      "integrity": "sha1-VRJ/95DH7r9rpowebd6UsJqqIeA=",
      "dev": true
    },
    "tsc-watch": {
      "version": "1.0.5",
      "resolved": "https://registry.npmjs.org/tsc-watch/-/tsc-watch-1.0.5.tgz",
      "integrity": "sha1-dwGFAIGg4SzKFDFfetZSQwgYlZk=",
      "dev": true
    },
    "tslint": {
      "version": "5.4.3",
      "resolved": "https://registry.npmjs.org/tslint/-/tslint-5.4.3.tgz",
      "integrity": "sha1-dhyEArgONHt3M6BDkKdXslNYBGc=",
      "dev": true
    },
    "tslint-config-prettier": {
      "version": "1.1.0",
      "resolved": "https://registry.npmjs.org/tslint-config-prettier/-/tslint-config-prettier-1.1.0.tgz",
      "integrity": "sha512-bVbvP6nGGzSBCW3/VikKwFFI50Cv/ZrjFWLPDCJtUIJeQ+8U1JL1VRUSPkwgD4hgI/dYfwl+K0ImkT1x5TwCAw==",
      "dev": true
    },
    "tslint-config-standard": {
      "version": "6.0.1",
      "resolved": "https://registry.npmjs.org/tslint-config-standard/-/tslint-config-standard-6.0.1.tgz",
      "integrity": "sha1-oEugp5R1nodyhwVvVJsIHkelbWw=",
      "dev": true
    },
    "typedoc": {
      "version": "0.7.1",
      "resolved": "https://registry.npmjs.org/typedoc/-/typedoc-0.7.1.tgz",
      "integrity": "sha1-tEG//iRrs+DlmNmuR050NZS9p2k=",
      "dev": true,
      "dependencies": {
        "fs-extra": {
          "version": "3.0.1",
          "resolved": "https://registry.npmjs.org/fs-extra/-/fs-extra-3.0.1.tgz",
          "integrity": "sha1-N5TzeMWLNC6n27sjCVEJxLO2IpE="
        },
        "jsonfile": {
          "version": "3.0.0",
          "resolved": "https://registry.npmjs.org/jsonfile/-/jsonfile-3.0.0.tgz",
          "integrity": "sha1-kufHRE5f/V+jLmqa6LhQNN+DR9A="
        },
        "typescript": {
          "version": "2.3.2",
          "resolved": "https://registry.npmjs.org/typescript/-/typescript-2.3.2.tgz",
          "integrity": "sha1-8PBF4Zb2mnLwayX9O9OdAcPOmYQ="
        }
      }
    },
    "typescript": {
      "version": "2.3.4",
      "resolved": "https://registry.npmjs.org/typescript/-/typescript-2.3.4.tgz",
      "integrity": "sha1-PTgyGCgjHkNPKHUUlZw3qCtin0I=",
      "dev": true
    },
    "typescript-formatter": {
      "version": "5.2.0",
      "resolved": "https://registry.npmjs.org/typescript-formatter/-/typescript-formatter-5.2.0.tgz",
      "integrity": "sha1-zUUpT3TEzIgPSPgZg6IfsmT28XM=",
      "dev": true
    },
    "validate-commit-msg": {
      "version": "2.12.2",
      "resolved": "https://registry.npmjs.org/validate-commit-msg/-/validate-commit-msg-2.12.2.tgz",
      "integrity": "sha1-bVAVMxvxlsIq+4gNPzO87x3q/qY=",
      "dev": true
    }
  }
}
